
Microsoft Visual Studio Solution File, Format Version 12.00
# Visual Studio Version 17
VisualStudioVersion = 17.0.31903.59
MinimumVisualStudioVersion = 10.0.40219.1
Project("{FAE04EC0-301F-11D3-BF4B-00C04F79EFBC}") = "JogoDaVelhaApp", "JogoDaVelhaApp\JogoDaVelhaApp.csproj", "{FCE2583F-C688-D5E3-2CF2-E1F10CAFD180}"
EndProject
Project("{FAE04EC0-301F-11D3-BF4B-00C04F79EFBC}") = "CalculadoraApp", "CalculadoraApp\CalculadoraApp.csproj", "{55BDB12F-70FB-419E-B211-042F12E8B3E9}"
EndProject
Project("{FAE04EC0-301F-11D3-BF4B-00C04F79EFBC}") = "IMCApp", "IMCApp\IMCApp.csproj", "{1C3E6897-F4C7-45BB-95F1-CE6969A9A85A}"
EndProject
Global
	GlobalSection(SolutionConfigurationPlatforms) = preSolution
		Debug|Any CPU = Debug|Any CPU
		Release|Any CPU = Release|Any CPU
	EndGlobalSection
	GlobalSection(ProjectConfigurationPlatforms) = postSolution
		{FCE2583F-C688-D5E3-2CF2-E1F10CAFD180}.Debug|Any CPU.ActiveCfg = Debug|Any CPU
		{FCE2583F-C688-D5E3-2CF2-E1F10CAFD180}.Debug|Any CPU.Build.0 = Debug|Any CPU
		{FCE2583F-C688-D5E3-2CF2-E1F10CAFD180}.Debug|Any CPU.Deploy.0 = Debug|Any CPU
		{FCE2583F-C688-D5E3-2CF2-E1F10CAFD180}.Release|Any CPU.ActiveCfg = Release|Any CPU
		{FCE2583F-C688-D5E3-2CF2-E1F10CAFD180}.Release|Any CPU.Build.0 = Release|Any CPU
		{55BDB12F-70FB-419E-B211-042F12E8B3E9}.Debug|Any CPU.ActiveCfg = Debug|Any CPU
		{55BDB12F-70FB-419E-B211-042F12E8B3E9}.Debug|Any CPU.Build.0 = Debug|Any CPU
		{55BDB12F-70FB-419E-B211-042F12E8B3E9}.Release|Any CPU.ActiveCfg = Release|Any CPU
		{55BDB12F-70FB-419E-B211-042F12E8B3E9}.Release|Any CPU.Build.0 = Release|Any CPU
		{1C3E6897-F4C7-45BB-95F1-CE6969A9A85A}.Debug|Any CPU.ActiveCfg = Debug|Any CPU
		{1C3E6897-F4C7-45BB-95F1-CE6969A9A85A}.Debug|Any CPU.Build.0 = Debug|Any CPU
		{1C3E6897-F4C7-45BB-95F1-CE6969A9A85A}.Debug|Any CPU.Deploy.0 = Debug|Any CPU
		{1C3E6897-F4C7-45BB-95F1-CE6969A9A85A}.Release|Any CPU.ActiveCfg = Release|Any CPU
		{1C3E6897-F4C7-45BB-95F1-CE6969A9A85A}.Release|Any CPU.Build.0 = Release|Any CPU
	EndGlobalSection
	GlobalSection(SolutionProperties) = preSolution
		HideSolutionNode = FALSE
	EndGlobalSection
	GlobalSection(ExtensibilityGlobals) = postSolution
		SolutionGuid = {627E9E5B-F293-448F-953E-745BB6A71561}
	EndGlobalSection
EndGlobal
